
Microsoft Visual Studio Solution File, Format Version 12.00
# Visual Studio 14
VisualStudioVersion = 14.0.25420.1
MinimumVisualStudioVersion = 10.0.40219.1
Project("{8BC9CEB8-8B4A-11D0-8D11-00A0C91BC942}") = "Tools", "Tools\Tools.vcxproj", "{9C1CF1DD-F507-4776-8A21-1EBF66D25C3B}"
	ProjectSection(ProjectDependencies) = postProject
		{4B5C8478-EE0C-4CC8-8B7F-15AC2E8B1E47} = {4B5C8478-EE0C-4CC8-8B7F-15AC2E8B1E47}
		{A75CDACF-0386-484B-BC3D-55FE64D5E3CD} = {A75CDACF-0386-484B-BC3D-55FE64D5E3CD}
	EndProjectSection
EndProject
Project("{8BC9CEB8-8B4A-11D0-8D11-00A0C91BC942}") = "Test", "Test\Test.vcxproj", "{F746A3F0-2A6B-4CDA-B273-4821EE26B94C}"
	ProjectSection(ProjectDependencies) = postProject
		{4B5C8478-EE0C-4CC8-8B7F-15AC2E8B1E47} = {4B5C8478-EE0C-4CC8-8B7F-15AC2E8B1E47}
	EndProjectSection
EndProject
Project("{2150E333-8FDC-42A3-9474-1A3956D46DE8}") = "Engine", "Engine", "{D4FE1A6D-7C39-406F-AE57-93496B053D5D}"
EndProject
Project("{8BC9CEB8-8B4A-11D0-8D11-00A0C91BC942}") = "OGF-2D", "Engine\OGF-2D\OGF-2D.vcxproj", "{A75CDACF-0386-484B-BC3D-55FE64D5E3CD}"
EndProject
Project("{8BC9CEB8-8B4A-11D0-8D11-00A0C91BC942}") = "OGF-Core", "Engine\OGF-Core\OGF-Core.vcxproj", "{4B5C8478-EE0C-4CC8-8B7F-15AC2E8B1E47}"
EndProject
Project("{2150E333-8FDC-42A3-9474-1A3956D46DE8}") = "Games", "Games", "{1FE1721D-9EBB-4D99-9D2C-8E82481F2F5A}"
EndProject
Project("{2150E333-8FDC-42A3-9474-1A3956D46DE8}") = "2D", "2D", "{D774B0E0-0C4B-4762-9A82-8120809C197E}"
EndProject
Project("{2150E333-8FDC-42A3-9474-1A3956D46DE8}") = "3D", "3D", "{61D6EEEF-525A-4503-9A84-364C0D777677}"
EndProject
Project("{8BC9CEB8-8B4A-11D0-8D11-00A0C91BC942}") = "Platformer Game", "Games\2D\Platformer Game\Platformer Game.vcxproj", "{22D8FB70-62DB-4925-8543-A7B64216D377}"
EndProject
Project("{8BC9CEB8-8B4A-11D0-8D11-00A0C91BC942}") = "Roguelike", "Games\2D\Roguelike\Roguelike.vcxproj", "{72355B6F-9DD2-468C-86B0-A03E9E34219F}"
EndProject
Project("{8BC9CEB8-8B4A-11D0-8D11-00A0C91BC942}") = "OGF-3D", "OGF-3D\OGF-3D.vcxproj", "{EFF994BD-6321-4980-AFB0-52040BCACF68}"
EndProject
Project("{8BC9CEB8-8B4A-11D0-8D11-00A0C91BC942}") = "Voxel Game", "Games\3D\Voxel Game\Voxel Game.vcxproj", "{52BA1C33-D902-457A-83CA-8BE88E873183}"
EndProject
Global
	GlobalSection(SolutionConfigurationPlatforms) = preSolution
		Debug|x64 = Debug|x64
		Debug|x86 = Debug|x86
		Release|x64 = Release|x64
		Release|x86 = Release|x86
	EndGlobalSection
	GlobalSection(ProjectConfigurationPlatforms) = postSolution
		{9C1CF1DD-F507-4776-8A21-1EBF66D25C3B}.Debug|x64.ActiveCfg = Debug|x64
		{9C1CF1DD-F507-4776-8A21-1EBF66D25C3B}.Debug|x64.Build.0 = Debug|x64
		{9C1CF1DD-F507-4776-8A21-1EBF66D25C3B}.Debug|x86.ActiveCfg = Debug|Win32
		{9C1CF1DD-F507-4776-8A21-1EBF66D25C3B}.Debug|x86.Build.0 = Debug|Win32
		{9C1CF1DD-F507-4776-8A21-1EBF66D25C3B}.Release|x64.ActiveCfg = Release|x64
		{9C1CF1DD-F507-4776-8A21-1EBF66D25C3B}.Release|x64.Build.0 = Release|x64
		{9C1CF1DD-F507-4776-8A21-1EBF66D25C3B}.Release|x86.ActiveCfg = Release|Win32
		{9C1CF1DD-F507-4776-8A21-1EBF66D25C3B}.Release|x86.Build.0 = Release|Win32
		{F746A3F0-2A6B-4CDA-B273-4821EE26B94C}.Debug|x64.ActiveCfg = Debug|x64
		{F746A3F0-2A6B-4CDA-B273-4821EE26B94C}.Debug|x64.Build.0 = Debug|x64
		{F746A3F0-2A6B-4CDA-B273-4821EE26B94C}.Debug|x86.ActiveCfg = Debug|Win32
		{F746A3F0-2A6B-4CDA-B273-4821EE26B94C}.Debug|x86.Build.0 = Debug|Win32
		{F746A3F0-2A6B-4CDA-B273-4821EE26B94C}.Release|x64.ActiveCfg = Release|x64
		{F746A3F0-2A6B-4CDA-B273-4821EE26B94C}.Release|x64.Build.0 = Release|x64
		{F746A3F0-2A6B-4CDA-B273-4821EE26B94C}.Release|x86.ActiveCfg = Release|Win32
		{F746A3F0-2A6B-4CDA-B273-4821EE26B94C}.Release|x86.Build.0 = Release|Win32
		{A75CDACF-0386-484B-BC3D-55FE64D5E3CD}.Debug|x64.ActiveCfg = Debug|x64
		{A75CDACF-0386-484B-BC3D-55FE64D5E3CD}.Debug|x64.Build.0 = Debug|x64
		{A75CDACF-0386-484B-BC3D-55FE64D5E3CD}.Debug|x86.ActiveCfg = Debug|Win32
		{A75CDACF-0386-484B-BC3D-55FE64D5E3CD}.Debug|x86.Build.0 = Debug|Win32
		{A75CDACF-0386-484B-BC3D-55FE64D5E3CD}.Release|x64.ActiveCfg = Release|x64
		{A75CDACF-0386-484B-BC3D-55FE64D5E3CD}.Release|x64.Build.0 = Release|x64
		{A75CDACF-0386-484B-BC3D-55FE64D5E3CD}.Release|x86.ActiveCfg = Release|Win32
		{A75CDACF-0386-484B-BC3D-55FE64D5E3CD}.Release|x86.Build.0 = Release|Win32
		{4B5C8478-EE0C-4CC8-8B7F-15AC2E8B1E47}.Debug|x64.ActiveCfg = Debug|x64
		{4B5C8478-EE0C-4CC8-8B7F-15AC2E8B1E47}.Debug|x64.Build.0 = Debug|x64
		{4B5C8478-EE0C-4CC8-8B7F-15AC2E8B1E47}.Debug|x86.ActiveCfg = Debug|Win32
		{4B5C8478-EE0C-4CC8-8B7F-15AC2E8B1E47}.Debug|x86.Build.0 = Debug|Win32
		{4B5C8478-EE0C-4CC8-8B7F-15AC2E8B1E47}.Release|x64.ActiveCfg = Release|x64
		{4B5C8478-EE0C-4CC8-8B7F-15AC2E8B1E47}.Release|x64.Build.0 = Release|x64
		{4B5C8478-EE0C-4CC8-8B7F-15AC2E8B1E47}.Release|x86.ActiveCfg = Release|Win32
		{4B5C8478-EE0C-4CC8-8B7F-15AC2E8B1E47}.Release|x86.Build.0 = Release|Win32
		{22D8FB70-62DB-4925-8543-A7B64216D377}.Debug|x64.ActiveCfg = Debug|x64
		{22D8FB70-62DB-4925-8543-A7B64216D377}.Debug|x64.Build.0 = Debug|x64
		{22D8FB70-62DB-4925-8543-A7B64216D377}.Debug|x86.ActiveCfg = Debug|Win32
		{22D8FB70-62DB-4925-8543-A7B64216D377}.Debug|x86.Build.0 = Debug|Win32
		{22D8FB70-62DB-4925-8543-A7B64216D377}.Release|x64.ActiveCfg = Release|x64
		{22D8FB70-62DB-4925-8543-A7B64216D377}.Release|x64.Build.0 = Release|x64
		{22D8FB70-62DB-4925-8543-A7B64216D377}.Release|x86.ActiveCfg = Release|Win32
		{22D8FB70-62DB-4925-8543-A7B64216D377}.Release|x86.Build.0 = Release|Win32
		{72355B6F-9DD2-468C-86B0-A03E9E34219F}.Debug|x64.ActiveCfg = Debug|x64
		{72355B6F-9DD2-468C-86B0-A03E9E34219F}.Debug|x64.Build.0 = Debug|x64
		{72355B6F-9DD2-468C-86B0-A03E9E34219F}.Debug|x86.ActiveCfg = Debug|Win32
		{72355B6F-9DD2-468C-86B0-A03E9E34219F}.Debug|x86.Build.0 = Debug|Win32
		{72355B6F-9DD2-468C-86B0-A03E9E34219F}.Release|x64.ActiveCfg = Release|x64
		{72355B6F-9DD2-468C-86B0-A03E9E34219F}.Release|x64.Build.0 = Release|x64
		{72355B6F-9DD2-468C-86B0-A03E9E34219F}.Release|x86.ActiveCfg = Release|Win32
		{72355B6F-9DD2-468C-86B0-A03E9E34219F}.Release|x86.Build.0 = Release|Win32
		{EFF994BD-6321-4980-AFB0-52040BCACF68}.Debug|x64.ActiveCfg = Debug|x64
		{EFF994BD-6321-4980-AFB0-52040BCACF68}.Debug|x64.Build.0 = Debug|x64
		{EFF994BD-6321-4980-AFB0-52040BCACF68}.Debug|x86.ActiveCfg = Debug|Win32
		{EFF994BD-6321-4980-AFB0-52040BCACF68}.Debug|x86.Build.0 = Debug|Win32
		{EFF994BD-6321-4980-AFB0-52040BCACF68}.Release|x64.ActiveCfg = Release|x64
		{EFF994BD-6321-4980-AFB0-52040BCACF68}.Release|x64.Build.0 = Release|x64
		{EFF994BD-6321-4980-AFB0-52040BCACF68}.Release|x86.ActiveCfg = Release|Win32
		{EFF994BD-6321-4980-AFB0-52040BCACF68}.Release|x86.Build.0 = Release|Win32
		{52BA1C33-D902-457A-83CA-8BE88E873183}.Debug|x64.ActiveCfg = Debug|x64
		{52BA1C33-D902-457A-83CA-8BE88E873183}.Debug|x64.Build.0 = Debug|x64
		{52BA1C33-D902-457A-83CA-8BE88E873183}.Debug|x86.ActiveCfg = Debug|Win32
		{52BA1C33-D902-457A-83CA-8BE88E873183}.Debug|x86.Build.0 = Debug|Win32
		{52BA1C33-D902-457A-83CA-8BE88E873183}.Release|x64.ActiveCfg = Release|x64
		{52BA1C33-D902-457A-83CA-8BE88E873183}.Release|x64.Build.0 = Release|x64
		{52BA1C33-D902-457A-83CA-8BE88E873183}.Release|x86.ActiveCfg = Release|Win32
		{52BA1C33-D902-457A-83CA-8BE88E873183}.Release|x86.Build.0 = Release|Win32
	EndGlobalSection
	GlobalSection(SolutionProperties) = preSolution
		HideSolutionNode = FALSE
	EndGlobalSection
	GlobalSection(NestedProjects) = preSolution
		{A75CDACF-0386-484B-BC3D-55FE64D5E3CD} = {D4FE1A6D-7C39-406F-AE57-93496B053D5D}
		{4B5C8478-EE0C-4CC8-8B7F-15AC2E8B1E47} = {D4FE1A6D-7C39-406F-AE57-93496B053D5D}
		{D774B0E0-0C4B-4762-9A82-8120809C197E} = {1FE1721D-9EBB-4D99-9D2C-8E82481F2F5A}
		{61D6EEEF-525A-4503-9A84-364C0D777677} = {1FE1721D-9EBB-4D99-9D2C-8E82481F2F5A}
		{22D8FB70-62DB-4925-8543-A7B64216D377} = {D774B0E0-0C4B-4762-9A82-8120809C197E}
		{72355B6F-9DD2-468C-86B0-A03E9E34219F} = {D774B0E0-0C4B-4762-9A82-8120809C197E}
		{EFF994BD-6321-4980-AFB0-52040BCACF68} = {D4FE1A6D-7C39-406F-AE57-93496B053D5D}
		{52BA1C33-D902-457A-83CA-8BE88E873183} = {61D6EEEF-525A-4503-9A84-364C0D777677}
	EndGlobalSection
EndGlobal
