<?xml version="1.0" encoding="utf-8"?>
<Project ToolsVersion="4.0" xmlns="http://schemas.microsoft.com/developer/msbuild/2003">
  <ItemGroup>
    <Filter Include="Graphics">
      <UniqueIdentifier>{b3768301-443f-4d9a-9405-ff018cb39694}</UniqueIdentifier>
    </Filter>
    <Filter Include="Math">
      <UniqueIdentifier>{b25ec161-0a1d-4426-a24e-95db84728c1a}</UniqueIdentifier>
    </Filter>
    <Filter Include="Math\Geometry">
      <UniqueIdentifier>{622964e4-8860-4481-a4cc-0c5c651ed43a}</UniqueIdentifier>
    </Filter>
    <Filter Include="Core">
      <UniqueIdentifier>{07d3057d-e9a2-44af-b83c-da5933ad498e}</UniqueIdentifier>
    </Filter>
    <Filter Include="Resource">
      <UniqueIdentifier>{ee30c9da-e19c-447b-9280-765f3e327d7c}</UniqueIdentifier>
    </Filter>
    <Filter Include="Graphics\Shader">
      <UniqueIdentifier>{2b3025a4-bbc3-4351-8c6b-4b9a61a0ab0d}</UniqueIdentifier>
    </Filter>
    <Filter Include="Graphics\Renderer">
      <UniqueIdentifier>{f82a7231-b77e-4ec7-9dd3-e417e68d1fc7}</UniqueIdentifier>
    </Filter>
    <Filter Include="Graphics\Memory">
      <UniqueIdentifier>{59709d3f-eeac-4ef2-b259-4280548847df}</UniqueIdentifier>
    </Filter>
    <Filter Include="Input">
      <UniqueIdentifier>{a2cfad6c-8ac9-4d76-b773-36105b7e2e8b}</UniqueIdentifier>
    </Filter>
    <Filter Include="Scene">
      <UniqueIdentifier>{f3ae580e-b356-4764-9aec-79079066981d}</UniqueIdentifier>
    </Filter>
    <Filter Include="Object">
      <UniqueIdentifier>{ecea4457-3392-4fa0-8741-b7cbd8ab45a6}</UniqueIdentifier>
    </Filter>
    <Filter Include="Object\Component">
      <UniqueIdentifier>{9151830b-6ce9-4e14-92b2-049f86abf3b4}</UniqueIdentifier>
    </Filter>
    <Filter Include="Graphics\Text">
      <UniqueIdentifier>{c821a8d2-3f18-4fa1-b351-6a85ecb97ff7}</UniqueIdentifier>
    </Filter>
    <Filter Include="Physics">
      <UniqueIdentifier>{6856c682-12ef-463d-a777-553c6fb0a967}</UniqueIdentifier>
    </Filter>
    <Filter Include="Physics\Collision">
      <UniqueIdentifier>{0922d887-8dd7-44cf-b635-136246a96f84}</UniqueIdentifier>
    </Filter>
    <Filter Include="Graphics\Animation">
      <UniqueIdentifier>{9a7b9efe-6788-4e27-a257-50a31905339b}</UniqueIdentifier>
    </Filter>
  </ItemGroup>
  <ItemGroup>
    <ClCompile Include="Core\Debug.cpp">
      <Filter>Core</Filter>
    </ClCompile>
    <ClCompile Include="Core\EngineAssert.cpp">
      <Filter>Core</Filter>
    </ClCompile>
    <ClCompile Include="Core\Game.cpp">
      <Filter>Core</Filter>
    </ClCompile>
    <ClCompile Include="Core\Logging.cpp">
      <Filter>Core</Filter>
    </ClCompile>
    <ClCompile Include="Core\Platform.cpp">
      <Filter>Core</Filter>
    </ClCompile>
    <ClCompile Include="Graphics\Camera.cpp">
      <Filter>Graphics</Filter>
    </ClCompile>
    <ClCompile Include="Graphics\Color.cpp">
      <Filter>Graphics</Filter>
    </ClCompile>
    <ClCompile Include="Graphics\RenderSystem.cpp">
      <Filter>Graphics</Filter>
    </ClCompile>
    <ClCompile Include="Graphics\Texture.cpp">
      <Filter>Graphics</Filter>
    </ClCompile>
    <ClCompile Include="Graphics\TextureManager.cpp">
      <Filter>Graphics</Filter>
    </ClCompile>
    <ClCompile Include="Graphics\Window.cpp">
      <Filter>Graphics</Filter>
    </ClCompile>
    <ClCompile Include="Graphics\Animation\Animation.cpp">
      <Filter>Graphics\Animation</Filter>
    </ClCompile>
    <ClCompile Include="Graphics\Animation\AnimState.cpp">
      <Filter>Graphics\Animation</Filter>
    </ClCompile>
    <ClCompile Include="Graphics\Memory\Buffer.cpp">
      <Filter>Graphics\Memory</Filter>
    </ClCompile>
    <ClCompile Include="Graphics\Text\Font.cpp">
      <Filter>Graphics\Text</Filter>
    </ClCompile>
    <ClCompile Include="Graphics\Text\FontManager.cpp">
      <Filter>Graphics\Text</Filter>
    </ClCompile>
    <ClCompile Include="Graphics\Text\Glyph.cpp">
      <Filter>Graphics\Text</Filter>
    </ClCompile>
    <ClCompile Include="Graphics\Renderer\Renderer.cpp">
      <Filter>Graphics\Renderer</Filter>
    </ClCompile>
    <ClCompile Include="Graphics\Renderer\SceneRenderer.cpp">
      <Filter>Graphics\Renderer</Filter>
    </ClCompile>
    <ClCompile Include="Graphics\Renderer\SpriteRenderer.cpp">
      <Filter>Graphics\Renderer</Filter>
    </ClCompile>
    <ClCompile Include="Graphics\Shader\ShaderProgram.cpp">
      <Filter>Graphics\Shader</Filter>
    </ClCompile>
    <ClCompile Include="Graphics\Animation\SpriteAnimState.cpp">
      <Filter>Graphics\Animation</Filter>
    </ClCompile>
    <ClCompile Include="Graphics\Animation\SpriteSequenceAnimState.cpp">
      <Filter>Graphics\Animation</Filter>
    </ClCompile>
    <ClCompile Include="Graphics\Text\Text.cpp">
      <Filter>Graphics\Text</Filter>
    </ClCompile>
    <ClCompile Include="Graphics\Text\TextManager.cpp">
      <Filter>Graphics\Text</Filter>
    </ClCompile>
    <ClCompile Include="Graphics\Renderer\TextRenderer.cpp">
      <Filter>Graphics\Renderer</Filter>
    </ClCompile>
    <ClCompile Include="Graphics\Shader\Uniform.cpp">
      <Filter>Graphics\Shader</Filter>
    </ClCompile>
    <ClCompile Include="Graphics\Memory\VertexArrayObject.cpp">
      <Filter>Graphics\Memory</Filter>
    </ClCompile>
    <ClCompile Include="Input\Input.cpp">
      <Filter>Input</Filter>
    </ClCompile>
    <ClCompile Include="Math\Vector2f.cpp">
      <Filter>Math</Filter>
    </ClCompile>
    <ClCompile Include="Math\Matrix3f.cpp">
      <Filter>Math</Filter>
    </ClCompile>
    <ClCompile Include="Math\Geometry\Rectangle.cpp">
      <Filter>Math\Geometry</Filter>
    </ClCompile>
    <ClCompile Include="Math\Geometry\Shape.cpp">
      <Filter>Math\Geometry</Filter>
    </ClCompile>
    <ClCompile Include="Object\Transform.cpp">
      <Filter>Object</Filter>
    </ClCompile>
    <ClCompile Include="Object\GameObject.cpp">
      <Filter>Object</Filter>
    </ClCompile>
    <ClCompile Include="Object\Component\AnimatorComponent.cpp">
      <Filter>Object\Component</Filter>
    </ClCompile>
    <ClCompile Include="Object\Component\ObjectComponent.cpp">
      <Filter>Object\Component</Filter>
    </ClCompile>
    <ClCompile Include="Object\Component\RenderableComponent.cpp">
      <Filter>Object\Component</Filter>
    </ClCompile>
    <ClCompile Include="Object\Component\RigidBodyComponent.cpp">
      <Filter>Object\Component</Filter>
    </ClCompile>
    <ClCompile Include="Object\Component\SpriteComponent.cpp">
      <Filter>Object\Component</Filter>
    </ClCompile>
    <ClCompile Include="Physics\Collision\QuadTree.cpp">
      <Filter>Physics\Collision</Filter>
    </ClCompile>
    <ClCompile Include="Resource\RawImage.cpp">
      <Filter>Resource</Filter>
    </ClCompile>
    <ClCompile Include="Resource\Resources.cpp">
      <Filter>Resource</Filter>
    </ClCompile>
    <ClCompile Include="Scene\Scene.cpp">
      <Filter>Scene</Filter>
    </ClCompile>
    <ClCompile Include="Scene\SceneManager.cpp">
      <Filter>Scene</Filter>
    </ClCompile>
    <ClCompile Include="Scene\Tile.cpp">
      <Filter>Scene</Filter>
    </ClCompile>
    <ClCompile Include="Scene\TileScene.cpp">
      <Filter>Scene</Filter>
    </ClCompile>
    <ClCompile Include="Graphics\Renderer\ShapeRenderer.cpp">
      <Filter>Graphics\Renderer</Filter>
    </ClCompile>
    <ClCompile Include="Physics\Collision\Manifold.cpp">
      <Filter>Physics\Collision</Filter>
    </ClCompile>
    <ClCompile Include="Object\Component\AABBColliderComponent.cpp">
      <Filter>Object\Component</Filter>
    </ClCompile>
    <ClCompile Include="Physics\Collision\CollisionSystem.cpp">
      <Filter>Physics\Collision</Filter>
    </ClCompile>
    <ClCompile Include="Core\Event.cpp">
      <Filter>Core</Filter>
    </ClCompile>
  </ItemGroup>
  <ItemGroup>
    <ClInclude Include="Core\Debug.h">
      <Filter>Core</Filter>
    </ClInclude>
    <ClInclude Include="Core\Core.h">
      <Filter>Core</Filter>
    </ClInclude>
    <ClInclude Include="Core\EngineAssert.h">
      <Filter>Core</Filter>
    </ClInclude>
    <ClInclude Include="Core\Delegate.h">
      <Filter>Core</Filter>
    </ClInclude>
    <ClInclude Include="Core\Game.h">
      <Filter>Core</Filter>
    </ClInclude>
    <ClInclude Include="Core\Logging.h">
      <Filter>Core</Filter>
    </ClInclude>
    <ClInclude Include="Core\Types.h">
      <Filter>Core</Filter>
    </ClInclude>
    <ClInclude Include="Core\Platform.h">
      <Filter>Core</Filter>
    </ClInclude>
    <ClInclude Include="Graphics\Camera.h">
      <Filter>Graphics</Filter>
    </ClInclude>
    <ClInclude Include="Graphics\Color.h">
      <Filter>Graphics</Filter>
    </ClInclude>
    <ClInclude Include="Graphics\RenderSystem.h">
      <Filter>Graphics</Filter>
    </ClInclude>
    <ClInclude Include="Graphics\Texture.h">
      <Filter>Graphics</Filter>
    </ClInclude>
    <ClInclude Include="Graphics\TextureManager.h">
      <Filter>Graphics</Filter>
    </ClInclude>
    <ClInclude Include="Graphics\Window.h">
      <Filter>Graphics</Filter>
    </ClInclude>
    <ClInclude Include="Graphics\Animation\Animation.h">
      <Filter>Graphics\Animation</Filter>
    </ClInclude>
    <ClInclude Include="Graphics\Animation\AnimState.h">
      <Filter>Graphics\Animation</Filter>
    </ClInclude>
    <ClInclude Include="Graphics\Memory\Buffer.h">
      <Filter>Graphics\Memory</Filter>
    </ClInclude>
    <ClInclude Include="Graphics\Text\Font.h">
      <Filter>Graphics\Text</Filter>
    </ClInclude>
    <ClInclude Include="Graphics\Text\FontManager.h">
      <Filter>Graphics\Text</Filter>
    </ClInclude>
    <ClInclude Include="Graphics\Text\Glyph.h">
      <Filter>Graphics\Text</Filter>
    </ClInclude>
    <ClInclude Include="Graphics\Renderer\Renderer.h">
      <Filter>Graphics\Renderer</Filter>
    </ClInclude>
    <ClInclude Include="Graphics\Renderer\SceneRenderer.h">
      <Filter>Graphics\Renderer</Filter>
    </ClInclude>
    <ClInclude Include="Graphics\Renderer\SpriteRenderer.h">
      <Filter>Graphics\Renderer</Filter>
    </ClInclude>
    <ClInclude Include="Graphics\Shader\ShaderProgram.h">
      <Filter>Graphics\Shader</Filter>
    </ClInclude>
    <ClInclude Include="Graphics\Animation\SpriteAnimState.h">
      <Filter>Graphics\Animation</Filter>
    </ClInclude>
    <ClInclude Include="Graphics\Animation\SpriteSequenceAnimState.h">
      <Filter>Graphics\Animation</Filter>
    </ClInclude>
    <ClInclude Include="Graphics\Text\Text.h">
      <Filter>Graphics\Text</Filter>
    </ClInclude>
    <ClInclude Include="Graphics\Text\TextManager.h">
      <Filter>Graphics\Text</Filter>
    </ClInclude>
    <ClInclude Include="Graphics\Renderer\TextRenderer.h">
      <Filter>Graphics\Renderer</Filter>
    </ClInclude>
    <ClInclude Include="Graphics\Shader\Uniform.h">
      <Filter>Graphics\Shader</Filter>
    </ClInclude>
    <ClInclude Include="Graphics\Memory\VertexArrayObject.h">
      <Filter>Graphics\Memory</Filter>
    </ClInclude>
    <ClInclude Include="Input\Input.h">
      <Filter>Input</Filter>
    </ClInclude>
    <ClInclude Include="Math\Vector2f.h">
      <Filter>Math</Filter>
    </ClInclude>
    <ClInclude Include="Math\Matrix3f.h">
      <Filter>Math</Filter>
    </ClInclude>
    <ClInclude Include="Math\Geometry\Point.h">
      <Filter>Math\Geometry</Filter>
    </ClInclude>
    <ClInclude Include="Math\Geometry\Rectangle.h">
      <Filter>Math\Geometry</Filter>
    </ClInclude>
    <ClInclude Include="Math\Geometry\Shape.h">
      <Filter>Math\Geometry</Filter>
    </ClInclude>
    <ClInclude Include="Object\Transform.h">
      <Filter>Object</Filter>
    </ClInclude>
    <ClInclude Include="Object\GameObject.h">
      <Filter>Object</Filter>
    </ClInclude>
    <ClInclude Include="Object\Component\AnimatorComponent.h">
      <Filter>Object\Component</Filter>
    </ClInclude>
    <ClInclude Include="Object\Component\ObjectComponent.h">
      <Filter>Object\Component</Filter>
    </ClInclude>
    <ClInclude Include="Object\Component\RenderableComponent.h">
      <Filter>Object\Component</Filter>
    </ClInclude>
    <ClInclude Include="Object\Component\RigidBodyComponent.h">
      <Filter>Object\Component</Filter>
    </ClInclude>
    <ClInclude Include="Object\Component\SpriteComponent.h">
      <Filter>Object\Component</Filter>
    </ClInclude>
    <ClInclude Include="Physics\Collision\QuadTree.h">
      <Filter>Physics\Collision</Filter>
    </ClInclude>
    <ClInclude Include="Resource\RawImage.h">
      <Filter>Resource</Filter>
    </ClInclude>
    <ClInclude Include="Resource\ResourceManager.h">
      <Filter>Resource</Filter>
    </ClInclude>
    <ClInclude Include="Resource\Resources.h">
      <Filter>Resource</Filter>
    </ClInclude>
    <ClInclude Include="Scene\Scene.h">
      <Filter>Scene</Filter>
    </ClInclude>
    <ClInclude Include="Scene\SceneManager.h">
      <Filter>Scene</Filter>
    </ClInclude>
    <ClInclude Include="Scene\Tile.h">
      <Filter>Scene</Filter>
    </ClInclude>
    <ClInclude Include="Scene\TileScene.h">
      <Filter>Scene</Filter>
    </ClInclude>
    <ClInclude Include="Graphics\Renderer\ShapeRenderer.h">
      <Filter>Graphics\Renderer</Filter>
    </ClInclude>
    <ClInclude Include="Math\Constants.h">
      <Filter>Math</Filter>
    </ClInclude>
    <ClInclude Include="Physics\Collision\Manifold.h">
      <Filter>Physics\Collision</Filter>
    </ClInclude>
    <ClInclude Include="Object\Component\AABBColliderComponent.h">
      <Filter>Object\Component</Filter>
    </ClInclude>
    <ClInclude Include="Object\Component\ComponentType.h">
      <Filter>Object\Component</Filter>
    </ClInclude>
    <ClInclude Include="Physics\Collision\CollisionSystem.h">
      <Filter>Physics\Collision</Filter>
    </ClInclude>
    <ClInclude Include="Core\Event.h">
      <Filter>Core</Filter>
    </ClInclude>
  </ItemGroup>
</Project>