<?xml version="1.0" encoding="utf-8"?>
<Project ToolsVersion="4.0" xmlns="http://schemas.microsoft.com/developer/msbuild/2003">
  <ItemGroup>
    <ClCompile Include="Main.cpp" />
    <ClCompile Include="BreakoutGame.cpp" />
    <ClCompile Include="GameObjects\Ball.cpp">
      <Filter>GameObjects</Filter>
    </ClCompile>
    <ClCompile Include="GameObjects\Brick.cpp">
      <Filter>GameObjects</Filter>
    </ClCompile>
    <ClCompile Include="GameObjects\Level.cpp">
      <Filter>GameObjects</Filter>
    </ClCompile>
    <ClCompile Include="GameObjects\Paddle.cpp">
      <Filter>GameObjects</Filter>
    </ClCompile>
    <ClCompile Include="GameObjects\Powerup.cpp">
      <Filter>GameObjects</Filter>
    </ClCompile>
    <ClCompile Include="GameObjects\Components\PaddleController.cpp">
      <Filter>GameObjects\Components</Filter>
    </ClCompile>
  </ItemGroup>
  <ItemGroup>
    <ClInclude Include="BreakoutGame.h" />
    <ClInclude Include="GameObjects\Ball.h">
      <Filter>GameObjects</Filter>
    </ClInclude>
    <ClInclude Include="GameObjects\Brick.h">
      <Filter>GameObjects</Filter>
    </ClInclude>
    <ClInclude Include="GameObjects\Level.h">
      <Filter>GameObjects</Filter>
    </ClInclude>
    <ClInclude Include="GameObjects\Paddle.h">
      <Filter>GameObjects</Filter>
    </ClInclude>
    <ClInclude Include="GameObjects\Powerup.h">
      <Filter>GameObjects</Filter>
    </ClInclude>
    <ClInclude Include="GameObjects\Components\PaddleController.h">
      <Filter>GameObjects\Components</Filter>
    </ClInclude>
  </ItemGroup>
  <ItemGroup>
    <Filter Include="GameObjects">
      <UniqueIdentifier>{0c939eff-1973-424e-8201-2f4f1d3272d6}</UniqueIdentifier>
    </Filter>
    <Filter Include="GameObjects\Components">
      <UniqueIdentifier>{89c835cb-02ea-4a3d-b903-239608ae7f8a}</UniqueIdentifier>
    </Filter>
  </ItemGroup>
</Project>