<?xml version="1.0" encoding="utf-8"?>
<Project ToolsVersion="4.0" xmlns="http://schemas.microsoft.com/developer/msbuild/2003">
  <ItemGroup>
    <Filter Include="3D">
      <UniqueIdentifier>{eabc1b8f-f4df-41c2-af11-0b9fa88d3e5e}</UniqueIdentifier>
    </Filter>
    <Filter Include="3D\Graphics">
      <UniqueIdentifier>{ad06fdd5-fb64-4e43-81e6-68955a4a7059}</UniqueIdentifier>
    </Filter>
    <Filter Include="3D\Physics">
      <UniqueIdentifier>{37f20bac-3cf4-416d-aa91-c46efca83f13}</UniqueIdentifier>
    </Filter>
    <Filter Include="3D\Entities">
      <UniqueIdentifier>{dae654c9-c5c1-43b9-a9b6-6dd1a6ed808b}</UniqueIdentifier>
    </Filter>
    <Filter Include="3D\Graphics\Lighting">
      <UniqueIdentifier>{a6c15ef3-95cd-4468-8271-f2bb6de06670}</UniqueIdentifier>
    </Filter>
    <Filter Include="3D\Graphics\Meshes">
      <UniqueIdentifier>{e3966fba-2f17-47ad-a237-8f1dfd21b8cf}</UniqueIdentifier>
    </Filter>
    <Filter Include="3D\Objects">
      <UniqueIdentifier>{a25879b3-a2b8-4041-ae98-c7927fb098fa}</UniqueIdentifier>
    </Filter>
    <Filter Include="3D\Graphics\Renderer">
      <UniqueIdentifier>{27d4228f-0557-4823-81af-ba9eebc285c5}</UniqueIdentifier>
    </Filter>
    <Filter Include="3D\Physics\Collision">
      <UniqueIdentifier>{81e0051f-b1dc-4f8b-9975-a8c8e1f5b890}</UniqueIdentifier>
    </Filter>
  </ItemGroup>
  <ItemGroup>
    <ClCompile Include="..\Engine\OGF-3D\3D\Graphics\Camera.cpp">
      <Filter>3D\Graphics</Filter>
    </ClCompile>
    <ClCompile Include="..\Engine\OGF-3D\3D\Graphics\FreeCameraController.cpp">
      <Filter>3D\Graphics</Filter>
    </ClCompile>
    <ClCompile Include="..\Engine\OGF-3D\3D\Graphics\WaterRenderer.cpp">
      <Filter>3D\Graphics</Filter>
    </ClCompile>
    <ClCompile Include="..\Engine\OGF-3D\3D\Graphics\Lighting\LightSource.cpp">
      <Filter>3D\Graphics\Lighting</Filter>
    </ClCompile>
    <ClCompile Include="..\Engine\OGF-3D\3D\Graphics\Lighting\ShadowMap.cpp">
      <Filter>3D\Graphics\Lighting</Filter>
    </ClCompile>
    <ClCompile Include="..\Engine\OGF-3D\3D\Graphics\Meshes\Model.cpp">
      <Filter>3D\Graphics\Meshes</Filter>
    </ClCompile>
    <ClCompile Include="..\Engine\OGF-3D\3D\Graphics\Meshes\ModelCache.cpp">
      <Filter>3D\Graphics\Meshes</Filter>
    </ClCompile>
    <ClCompile Include="..\Engine\OGF-3D\3D\Graphics\Renderer\RenderingContext.cpp">
      <Filter>3D\Graphics\Renderer</Filter>
    </ClCompile>
    <ClCompile Include="..\Engine\OGF-3D\3D\Entities\Entity.cpp">
      <Filter>3D\Entities</Filter>
    </ClCompile>
    <ClCompile Include="..\Engine\OGF-3D\3D\Entities\Player.cpp">
      <Filter>3D\Entities</Filter>
    </ClCompile>
    <ClCompile Include="..\Engine\OGF-3D\3D\Objects\Transform.cpp">
      <Filter>3D\Objects</Filter>
    </ClCompile>
  </ItemGroup>
  <ItemGroup>
    <ClInclude Include="..\Engine\OGF-3D\3D\Graphics\Camera.h">
      <Filter>3D\Graphics</Filter>
    </ClInclude>
    <ClInclude Include="..\Engine\OGF-3D\3D\Graphics\FreeCameraController.h">
      <Filter>3D\Graphics</Filter>
    </ClInclude>
    <ClInclude Include="..\Engine\OGF-3D\3D\Graphics\WaterRenderer.h">
      <Filter>3D\Graphics</Filter>
    </ClInclude>
    <ClInclude Include="..\Engine\OGF-3D\3D\Graphics\Lighting\LightSource.h">
      <Filter>3D\Graphics\Lighting</Filter>
    </ClInclude>
    <ClInclude Include="..\Engine\OGF-3D\3D\Graphics\Lighting\ShadowMap.h">
      <Filter>3D\Graphics\Lighting</Filter>
    </ClInclude>
    <ClInclude Include="..\Engine\OGF-3D\3D\Graphics\Meshes\Model.h">
      <Filter>3D\Graphics\Meshes</Filter>
    </ClInclude>
    <ClInclude Include="..\Engine\OGF-3D\3D\Graphics\Meshes\ModelCache.h">
      <Filter>3D\Graphics\Meshes</Filter>
    </ClInclude>
    <ClInclude Include="..\Engine\OGF-3D\3D\Graphics\Renderer\RenderingContext.h">
      <Filter>3D\Graphics\Renderer</Filter>
    </ClInclude>
    <ClInclude Include="..\Engine\OGF-3D\3D\Entities\Entity.h">
      <Filter>3D\Entities</Filter>
    </ClInclude>
    <ClInclude Include="..\Engine\OGF-3D\3D\Entities\Player.h">
      <Filter>3D\Entities</Filter>
    </ClInclude>
    <ClInclude Include="..\Engine\OGF-3D\3D\Objects\Transform.h">
      <Filter>3D\Objects</Filter>
    </ClInclude>
    <ClInclude Include="..\Engine\OGF-3D\3D\Physics\Collision\AABBCollider.h">
      <Filter>3D\Physics\Collision</Filter>
    </ClInclude>
    <ClInclude Include="..\Engine\OGF-3D\3D\Physics\Collision\Collision.h">
      <Filter>3D\Physics\Collision</Filter>
    </ClInclude>
    <ClInclude Include="..\Engine\OGF-3D\3D\Physics\Collision\Manifold.h">
      <Filter>3D\Physics\Collision</Filter>
    </ClInclude>
    <ClInclude Include="..\Engine\OGF-3D\3D\Physics\Collision\SphereCollider.h">
      <Filter>3D\Physics\Collision</Filter>
    </ClInclude>
  </ItemGroup>
</Project>